
Microsoft Visual Studio Solution File, Format Version 12.00
# Visual Studio 15
VisualStudioVersion = 15.0.28010.2050
MinimumVisualStudioVersion = 10.0.40219.1
Project("{FAE04EC0-301F-11D3-BF4B-00C04F79EFBC}") = "tutorial1", "tutorial1\tutorial1.csproj", "{98B9230E-86AF-4DB8-8842-78531DA84FFF}"
EndProject
Global
	GlobalSection(SolutionConfigurationPlatforms) = preSolution
		Debug|Any CPU = Debug|Any CPU
		Release|Any CPU = Release|Any CPU
	EndGlobalSection
	GlobalSection(ProjectConfigurationPlatforms) = postSolution
		{98B9230E-86AF-4DB8-8842-78531DA84FFF}.Debug|Any CPU.ActiveCfg = Debug|Any CPU
		{98B9230E-86AF-4DB8-8842-78531DA84FFF}.Debug|Any CPU.Build.0 = Debug|Any CPU
		{98B9230E-86AF-4DB8-8842-78531DA84FFF}.Release|Any CPU.ActiveCfg = Release|Any CPU
		{98B9230E-86AF-4DB8-8842-78531DA84FFF}.Release|Any CPU.Build.0 = Release|Any CPU
	EndGlobalSection
	GlobalSection(SolutionProperties) = preSolution
		HideSolutionNode = FALSE
	EndGlobalSection
	GlobalSection(ExtensibilityGlobals) = postSolution
		SolutionGuid = {DCEA73FD-82B8-4742-B5A3-7E69B93EED2C}
	EndGlobalSection
EndGlobal
