
Microsoft Visual Studio Solution File, Format Version 12.00
# Visual Studio 15
VisualStudioVersion = 15.0.28010.2050
MinimumVisualStudioVersion = 10.0.40219.1
Project("{9A19103F-16F7-4668-BE54-9A1E7A4F7556}") = "whichduck", "fizzbuzzapp1\whichduck.csproj", "{2E60EDB1-C4AB-4AC9-BEB4-B53FF700FFC5}"
EndProject
Project("{9A19103F-16F7-4668-BE54-9A1E7A4F7556}") = "RomanNumerals", "..\Roman Numerals\RomanNumerals\RomanNumerals.csproj", "{E452919C-73E2-4B24-BB46-37E9DFD1442B}"
EndProject
Project("{FAE04EC0-301F-11D3-BF4B-00C04F79EFBC}") = "GameOfLife", "GameOfLife\GameOfLife.csproj", "{842C0B06-A6CF-4DE3-B0F5-CB334B3F25B4}"
EndProject
Global
	GlobalSection(SolutionConfigurationPlatforms) = preSolution
		Debug|Any CPU = Debug|Any CPU
		Release|Any CPU = Release|Any CPU
	EndGlobalSection
	GlobalSection(ProjectConfigurationPlatforms) = postSolution
		{2E60EDB1-C4AB-4AC9-BEB4-B53FF700FFC5}.Debug|Any CPU.ActiveCfg = Debug|Any CPU
		{2E60EDB1-C4AB-4AC9-BEB4-B53FF700FFC5}.Debug|Any CPU.Build.0 = Debug|Any CPU
		{2E60EDB1-C4AB-4AC9-BEB4-B53FF700FFC5}.Release|Any CPU.ActiveCfg = Release|Any CPU
		{2E60EDB1-C4AB-4AC9-BEB4-B53FF700FFC5}.Release|Any CPU.Build.0 = Release|Any CPU
		{E452919C-73E2-4B24-BB46-37E9DFD1442B}.Debug|Any CPU.ActiveCfg = Debug|Any CPU
		{E452919C-73E2-4B24-BB46-37E9DFD1442B}.Debug|Any CPU.Build.0 = Debug|Any CPU
		{E452919C-73E2-4B24-BB46-37E9DFD1442B}.Release|Any CPU.ActiveCfg = Release|Any CPU
		{E452919C-73E2-4B24-BB46-37E9DFD1442B}.Release|Any CPU.Build.0 = Release|Any CPU
		{842C0B06-A6CF-4DE3-B0F5-CB334B3F25B4}.Debug|Any CPU.ActiveCfg = Debug|Any CPU
		{842C0B06-A6CF-4DE3-B0F5-CB334B3F25B4}.Debug|Any CPU.Build.0 = Debug|Any CPU
		{842C0B06-A6CF-4DE3-B0F5-CB334B3F25B4}.Release|Any CPU.ActiveCfg = Release|Any CPU
		{842C0B06-A6CF-4DE3-B0F5-CB334B3F25B4}.Release|Any CPU.Build.0 = Release|Any CPU
	EndGlobalSection
	GlobalSection(SolutionProperties) = preSolution
		HideSolutionNode = FALSE
	EndGlobalSection
	GlobalSection(ExtensibilityGlobals) = postSolution
		SolutionGuid = {F934D690-3F42-4AFE-99B6-36318599EFCA}
	EndGlobalSection
EndGlobal
